
Microsoft Visual Studio Solution File, Format Version 12.00
# Visual Studio 14
VisualStudioVersion = 14.0.25123.0
MinimumVisualStudioVersion = 10.0.40219.1
Project("{FAE04EC0-301F-11D3-BF4B-00C04F79EFBC}") = "ConsoleAutocompleter", "ConsoleAutocompleter\ConsoleAutocompleter.csproj", "{A3B471C8-D6DC-40B5-B292-E39BCF6735EC}"
EndProject
Project("{FAE04EC0-301F-11D3-BF4B-00C04F79EFBC}") = "UberIntelligentAutocompletion", "UberIntelligentAutocompletion\UberIntelligentAutocompletion.csproj", "{8B6224D8-AD3D-400D-BD47-217536EE5E32}"
EndProject
Project("{FAE04EC0-301F-11D3-BF4B-00C04F79EFBC}") = "TestAutocompletion", "TestAutocompletion\TestAutocompletion.csproj", "{74440118-45C6-47C5-9362-63E50FF60C38}"
EndProject
Project("{FAE04EC0-301F-11D3-BF4B-00C04F79EFBC}") = "Tools", "Tools\Tools.csproj", "{1C9BC3A0-5D4B-4107-BFBF-0042DC12983F}"
EndProject
Project("{FAE04EC0-301F-11D3-BF4B-00C04F79EFBC}") = "ServerAutocompletion", "ServerAutocompletion\ServerAutocompletion.csproj", "{38C1A7EC-1CFA-4471-924D-F99F50512BBA}"
EndProject
Global
	GlobalSection(SolutionConfigurationPlatforms) = preSolution
		Debug|Any CPU = Debug|Any CPU
		Release|Any CPU = Release|Any CPU
	EndGlobalSection
	GlobalSection(ProjectConfigurationPlatforms) = postSolution
		{A3B471C8-D6DC-40B5-B292-E39BCF6735EC}.Debug|Any CPU.ActiveCfg = Debug|Any CPU
		{A3B471C8-D6DC-40B5-B292-E39BCF6735EC}.Debug|Any CPU.Build.0 = Debug|Any CPU
		{A3B471C8-D6DC-40B5-B292-E39BCF6735EC}.Release|Any CPU.ActiveCfg = Release|Any CPU
		{A3B471C8-D6DC-40B5-B292-E39BCF6735EC}.Release|Any CPU.Build.0 = Release|Any CPU
		{8B6224D8-AD3D-400D-BD47-217536EE5E32}.Debug|Any CPU.ActiveCfg = Debug|Any CPU
		{8B6224D8-AD3D-400D-BD47-217536EE5E32}.Debug|Any CPU.Build.0 = Debug|Any CPU
		{8B6224D8-AD3D-400D-BD47-217536EE5E32}.Release|Any CPU.ActiveCfg = Release|Any CPU
		{8B6224D8-AD3D-400D-BD47-217536EE5E32}.Release|Any CPU.Build.0 = Release|Any CPU
		{74440118-45C6-47C5-9362-63E50FF60C38}.Debug|Any CPU.ActiveCfg = Debug|Any CPU
		{74440118-45C6-47C5-9362-63E50FF60C38}.Debug|Any CPU.Build.0 = Debug|Any CPU
		{74440118-45C6-47C5-9362-63E50FF60C38}.Release|Any CPU.ActiveCfg = Release|Any CPU
		{74440118-45C6-47C5-9362-63E50FF60C38}.Release|Any CPU.Build.0 = Release|Any CPU
		{1C9BC3A0-5D4B-4107-BFBF-0042DC12983F}.Debug|Any CPU.ActiveCfg = Debug|Any CPU
		{1C9BC3A0-5D4B-4107-BFBF-0042DC12983F}.Debug|Any CPU.Build.0 = Debug|Any CPU
		{1C9BC3A0-5D4B-4107-BFBF-0042DC12983F}.Release|Any CPU.ActiveCfg = Release|Any CPU
		{1C9BC3A0-5D4B-4107-BFBF-0042DC12983F}.Release|Any CPU.Build.0 = Release|Any CPU
		{38C1A7EC-1CFA-4471-924D-F99F50512BBA}.Debug|Any CPU.ActiveCfg = Debug|Any CPU
		{38C1A7EC-1CFA-4471-924D-F99F50512BBA}.Debug|Any CPU.Build.0 = Debug|Any CPU
		{38C1A7EC-1CFA-4471-924D-F99F50512BBA}.Release|Any CPU.ActiveCfg = Release|Any CPU
		{38C1A7EC-1CFA-4471-924D-F99F50512BBA}.Release|Any CPU.Build.0 = Release|Any CPU
	EndGlobalSection
	GlobalSection(SolutionProperties) = preSolution
		HideSolutionNode = FALSE
	EndGlobalSection
EndGlobal
